
Microsoft Visual Studio Solution File, Format Version 12.00
# Visual Studio Version 17
VisualStudioVersion = 17.3.32929.385
MinimumVisualStudioVersion = 10.0.40219.1
Project("{9A19103F-16F7-4668-BE54-9A1E7A4F7556}") = "TesteRedeService", "TesteRedeService\TesteRedeService.csproj", "{A680CC09-DEC6-4E06-8EE3-5BC94141F2E3}"
EndProject
Project("{9A19103F-16F7-4668-BE54-9A1E7A4F7556}") = "TesteRedeServiceAPI", "..\API\TesteRedeServiceAPI\TesteRedeServiceAPI.csproj", "{5D93D132-166A-407D-9192-1D11909A7AEB}"
EndProject
Global
	GlobalSection(SolutionConfigurationPlatforms) = preSolution
		Debug|Any CPU = Debug|Any CPU
		Release|Any CPU = Release|Any CPU
	EndGlobalSection
	GlobalSection(ProjectConfigurationPlatforms) = postSolution
		{A680CC09-DEC6-4E06-8EE3-5BC94141F2E3}.Debug|Any CPU.ActiveCfg = Debug|Any CPU
		{A680CC09-DEC6-4E06-8EE3-5BC94141F2E3}.Debug|Any CPU.Build.0 = Debug|Any CPU
		{A680CC09-DEC6-4E06-8EE3-5BC94141F2E3}.Release|Any CPU.ActiveCfg = Release|Any CPU
		{A680CC09-DEC6-4E06-8EE3-5BC94141F2E3}.Release|Any CPU.Build.0 = Release|Any CPU
		{5D93D132-166A-407D-9192-1D11909A7AEB}.Debug|Any CPU.ActiveCfg = Debug|Any CPU
		{5D93D132-166A-407D-9192-1D11909A7AEB}.Debug|Any CPU.Build.0 = Debug|Any CPU
		{5D93D132-166A-407D-9192-1D11909A7AEB}.Release|Any CPU.ActiveCfg = Release|Any CPU
		{5D93D132-166A-407D-9192-1D11909A7AEB}.Release|Any CPU.Build.0 = Release|Any CPU
	EndGlobalSection
	GlobalSection(SolutionProperties) = preSolution
		HideSolutionNode = FALSE
	EndGlobalSection
	GlobalSection(ExtensibilityGlobals) = postSolution
		SolutionGuid = {C7F8D5B2-890D-45CC-98BC-2DB3ADA6BE67}
	EndGlobalSection
EndGlobal
